
Microsoft Visual Studio Solution File, Format Version 12.00
Project("{FAE04EC0-301F-11D3-BF4B-00C04F79EFBC}") = "Task1", "Task1\Task1.csproj", "{DB2F3454-ACAB-4BD4-A401-AE0801F963C1}"
EndProject
Project("{FAE04EC0-301F-11D3-BF4B-00C04F79EFBC}") = "Task2", "Task2\Task2.csproj", "{B3B31A34-DEBE-4898-8C34-402955114BB4}"
EndProject
Global
	GlobalSection(SolutionConfigurationPlatforms) = preSolution
		Debug|Any CPU = Debug|Any CPU
		Release|Any CPU = Release|Any CPU
	EndGlobalSection
	GlobalSection(ProjectConfigurationPlatforms) = postSolution
		{DB2F3454-ACAB-4BD4-A401-AE0801F963C1}.Debug|Any CPU.ActiveCfg = Debug|Any CPU
		{DB2F3454-ACAB-4BD4-A401-AE0801F963C1}.Debug|Any CPU.Build.0 = Debug|Any CPU
		{DB2F3454-ACAB-4BD4-A401-AE0801F963C1}.Release|Any CPU.ActiveCfg = Release|Any CPU
		{DB2F3454-ACAB-4BD4-A401-AE0801F963C1}.Release|Any CPU.Build.0 = Release|Any CPU
		{B3B31A34-DEBE-4898-8C34-402955114BB4}.Debug|Any CPU.ActiveCfg = Debug|Any CPU
		{B3B31A34-DEBE-4898-8C34-402955114BB4}.Debug|Any CPU.Build.0 = Debug|Any CPU
		{B3B31A34-DEBE-4898-8C34-402955114BB4}.Release|Any CPU.ActiveCfg = Release|Any CPU
		{B3B31A34-DEBE-4898-8C34-402955114BB4}.Release|Any CPU.Build.0 = Release|Any CPU
	EndGlobalSection
EndGlobal
